
Microsoft Visual Studio Solution File, Format Version 12.00
# Visual Studio Version 17
VisualStudioVersion = 17.6.33815.320
MinimumVisualStudioVersion = 10.0.40219.1
Project("{2150E333-8FDC-42A3-9474-1A3956D46DE8}") = "solution items", "solution items", "{04A77C23-F942-4662-8FAB-ADDF0330C928}"
	ProjectSection(SolutionItems) = preProject
		.editorconfig = .editorconfig
		.gitignore = .gitignore
		Directory.Build.props = Directory.Build.props
		LICENSE = LICENSE
		nuget.config = nuget.config
		version.json = version.json
	EndProjectSection
EndProject
Project("{2150E333-8FDC-42A3-9474-1A3956D46DE8}") = "src", "src", "{8DD6F5E7-AEAF-4E4A-A716-985C3E34001A}"
EndProject
Project("{9A19103F-16F7-4668-BE54-9A1E7A4F7556}") = "LoafThePenguin.CSTraining", "src\LoafThePenguin.CSTraining\LoafThePenguin.CSTraining\LoafThePenguin.CSTraining.csproj", "{2F25E90D-F7FB-4C73-9FDD-027D09DA54E8}"
EndProject
Project("{2150E333-8FDC-42A3-9474-1A3956D46DE8}") = ".github", ".github", "{8273B329-B19E-4E29-8D41-9583F39D2A96}"
	ProjectSection(SolutionItems) = preProject
		.github\dependabot.yml = .github\dependabot.yml
	EndProjectSection
EndProject
Project("{2150E333-8FDC-42A3-9474-1A3956D46DE8}") = "tests", "tests", "{9A66BE4E-B503-40A2-AC6A-97FAB5A9C5A4}"
EndProject
Project("{FAE04EC0-301F-11D3-BF4B-00C04F79EFBC}") = "LoafThePenguin.CSTraining.Tests", "tests\LoafThePenguin.CSTraining.Tests\LoafThePenguin.CSTraining.Tests.csproj", "{52D02261-9D3F-4AE7-A781-A62A320D7A58}"
EndProject
Global
	GlobalSection(SolutionConfigurationPlatforms) = preSolution
		Debug|Any CPU = Debug|Any CPU
		Release|Any CPU = Release|Any CPU
	EndGlobalSection
	GlobalSection(ProjectConfigurationPlatforms) = postSolution
		{2F25E90D-F7FB-4C73-9FDD-027D09DA54E8}.Debug|Any CPU.ActiveCfg = Debug|Any CPU
		{2F25E90D-F7FB-4C73-9FDD-027D09DA54E8}.Debug|Any CPU.Build.0 = Debug|Any CPU
		{2F25E90D-F7FB-4C73-9FDD-027D09DA54E8}.Release|Any CPU.ActiveCfg = Release|Any CPU
		{2F25E90D-F7FB-4C73-9FDD-027D09DA54E8}.Release|Any CPU.Build.0 = Release|Any CPU
		{52D02261-9D3F-4AE7-A781-A62A320D7A58}.Debug|Any CPU.ActiveCfg = Debug|Any CPU
		{52D02261-9D3F-4AE7-A781-A62A320D7A58}.Debug|Any CPU.Build.0 = Debug|Any CPU
		{52D02261-9D3F-4AE7-A781-A62A320D7A58}.Release|Any CPU.ActiveCfg = Release|Any CPU
		{52D02261-9D3F-4AE7-A781-A62A320D7A58}.Release|Any CPU.Build.0 = Release|Any CPU
	EndGlobalSection
	GlobalSection(SolutionProperties) = preSolution
		HideSolutionNode = FALSE
	EndGlobalSection
	GlobalSection(NestedProjects) = preSolution
		{2F25E90D-F7FB-4C73-9FDD-027D09DA54E8} = {8DD6F5E7-AEAF-4E4A-A716-985C3E34001A}
		{52D02261-9D3F-4AE7-A781-A62A320D7A58} = {9A66BE4E-B503-40A2-AC6A-97FAB5A9C5A4}
	EndGlobalSection
	GlobalSection(ExtensibilityGlobals) = postSolution
		SolutionGuid = {64C1A5D7-0BDC-47EE-A8B3-5A2DE474FE44}
	EndGlobalSection
EndGlobal
